
Microsoft Visual Studio Solution File, Format Version 11.00
# Visual Studio 2010
Project("{FAE04EC0-301F-11D3-BF4B-00C04F79EFBC}") = "IIgneousStudio", "IIgneousStudio.csproj", "{0775CA63-D112-4274-8C4B-C0B7320B8CFD}"
EndProject
Global
	GlobalSection(SolutionConfigurationPlatforms) = preSolution
		Debug|x86 = Debug|x86
		Release|x86 = Release|x86
	EndGlobalSection
	GlobalSection(ProjectConfigurationPlatforms) = postSolution
		{0775CA63-D112-4274-8C4B-C0B7320B8CFD}.Debug|x86.ActiveCfg = Debug|x86
		{0775CA63-D112-4274-8C4B-C0B7320B8CFD}.Debug|x86.Build.0 = Debug|x86
		{0775CA63-D112-4274-8C4B-C0B7320B8CFD}.Release|x86.ActiveCfg = Release|x86
		{0775CA63-D112-4274-8C4B-C0B7320B8CFD}.Release|x86.Build.0 = Release|x86
	EndGlobalSection
	GlobalSection(SolutionProperties) = preSolution
		HideSolutionNode = FALSE
	EndGlobalSection
EndGlobal
